// !$*UTF8*$!
{
	archiveVersion = 1;
	classes = {
	};
	objectVersion = 48;
	objects = {

/* Begin PBXBuildFile section */
		CE1593DF1F96EF6B00EF06EC /* Pet.m in Sources */ = {isa = PBXBuildFile; fileRef = CE1593DE1F96EF6B00EF06EC /* Pet.m */; };
		CE1593E21F96EFE700EF06EC /* Person.m in Sources */ = {isa = PBXBuildFile; fileRef = CE1593E11F96EFE700EF06EC /* Person.m */; };
		CE1593E51F96F32C00EF06EC /* MateFeedTableViewCell.m in Sources */ = {isa = PBXBuildFile; fileRef = CE1593E41F96F32C00EF06EC /* MateFeedTableViewCell.m */; };
		CE1594701F993FD300EF06EC /* Vet.m in Sources */ = {isa = PBXBuildFile; fileRef = CE15946F1F993FD300EF06EC /* Vet.m */; };
		CE1594731F993FEA00EF06EC /* Store.m in Sources */ = {isa = PBXBuildFile; fileRef = CE1594721F993FEA00EF06EC /* Store.m */; };
		CE1594761F9941AA00EF06EC /* Baby.m in Sources */ = {isa = PBXBuildFile; fileRef = CE1594751F9941AA00EF06EC /* Baby.m */; };
		CE1594791F99425800EF06EC /* Litter.m in Sources */ = {isa = PBXBuildFile; fileRef = CE1594781F99425800EF06EC /* Litter.m */; };
		CE15947C1F99441B00EF06EC /* AddPetViewController.m in Sources */ = {isa = PBXBuildFile; fileRef = CE15947B1F99441B00EF06EC /* AddPetViewController.m */; };
		CE15947F1F994B2000EF06EC /* ProfileViewController.m in Sources */ = {isa = PBXBuildFile; fileRef = CE15947E1F994B2000EF06EC /* ProfileViewController.m */; };
		CE1594821F99698F00EF06EC /* ProfilePetTableViewCell.m in Sources */ = {isa = PBXBuildFile; fileRef = CE1594811F99698F00EF06EC /* ProfilePetTableViewCell.m */; };
		CE1595221F9D1DEF00EF06EC /* PetImagesCollectionViewLayout.m in Sources */ = {isa = PBXBuildFile; fileRef = CE1595211F9D1DEF00EF06EC /* PetImagesCollectionViewLayout.m */; };
		CE1595251F9D235600EF06EC /* PetImageCollectionViewCell.m in Sources */ = {isa = PBXBuildFile; fileRef = CE1595241F9D235600EF06EC /* PetImageCollectionViewCell.m */; };
		CE913AAD1F95B32C00F2F097 /* AppDelegate.m in Sources */ = {isa = PBXBuildFile; fileRef = CE913AAC1F95B32C00F2F097 /* AppDelegate.m */; };
		CE913AB01F95B32C00F2F097 /* FirstViewController.m in Sources */ = {isa = PBXBuildFile; fileRef = CE913AAF1F95B32C00F2F097 /* FirstViewController.m */; };
		CE913AB31F95B32C00F2F097 /* MateFeedViewController.m in Sources */ = {isa = PBXBuildFile; fileRef = CE913AB21F95B32C00F2F097 /* MateFeedViewController.m */; };
		CE913AB61F95B32C00F2F097 /* Main.storyboard in Resources */ = {isa = PBXBuildFile; fileRef = CE913AB41F95B32C00F2F097 /* Main.storyboard */; };
		CE913AB81F95B32C00F2F097 /* Assets.xcassets in Resources */ = {isa = PBXBuildFile; fileRef = CE913AB71F95B32C00F2F097 /* Assets.xcassets */; };
		CE913ABB1F95B32C00F2F097 /* LaunchScreen.storyboard in Resources */ = {isa = PBXBuildFile; fileRef = CE913AB91F95B32C00F2F097 /* LaunchScreen.storyboard */; };
		CE913ABE1F95B32C00F2F097 /* main.m in Sources */ = {isa = PBXBuildFile; fileRef = CE913ABD1F95B32C00F2F097 /* main.m */; };
		CE913AC81F95B32C00F2F097 /* BreederTests.m in Sources */ = {isa = PBXBuildFile; fileRef = CE913AC71F95B32C00F2F097 /* BreederTests.m */; };
		CE913AD31F95B32D00F2F097 /* BreederUITests.m in Sources */ = {isa = PBXBuildFile; fileRef = CE913AD21F95B32D00F2F097 /* BreederUITests.m */; };
/* End PBXBuildFile section */

/* Begin PBXContainerItemProxy section */
		CE913AC41F95B32C00F2F097 /* PBXContainerItemProxy */ = {
			isa = PBXContainerItemProxy;
			containerPortal = CE913AA01F95B32C00F2F097 /* Project object */;
			proxyType = 1;
			remoteGlobalIDString = CE913AA71F95B32C00F2F097;
			remoteInfo = Breeder;
		};
		CE913ACF1F95B32D00F2F097 /* PBXContainerItemProxy */ = {
			isa = PBXContainerItemProxy;
			containerPortal = CE913AA01F95B32C00F2F097 /* Project object */;
			proxyType = 1;
			remoteGlobalIDString = CE913AA71F95B32C00F2F097;
			remoteInfo = Breeder;
		};
/* End PBXContainerItemProxy section */

/* Begin PBXFileReference section */
		CE1593DD1F96EF6B00EF06EC /* Pet.h */ = {isa = PBXFileReference; lastKnownFileType = sourcecode.c.h; path = Pet.h; sourceTree = "<group>"; };
		CE1593DE1F96EF6B00EF06EC /* Pet.m */ = {isa = PBXFileReference; lastKnownFileType = sourcecode.c.objc; path = Pet.m; sourceTree = "<group>"; };
		CE1593E01F96EFE700EF06EC /* Person.h */ = {isa = PBXFileReference; lastKnownFileType = sourcecode.c.h; path = Person.h; sourceTree = "<group>"; };
		CE1593E11F96EFE700EF06EC /* Person.m */ = {isa = PBXFileReference; lastKnownFileType = sourcecode.c.objc; path = Person.m; sourceTree = "<group>"; };
		CE1593E31F96F32C00EF06EC /* MateFeedTableViewCell.h */ = {isa = PBXFileReference; lastKnownFileType = sourcecode.c.h; path = MateFeedTableViewCell.h; sourceTree = "<group>"; };
		CE1593E41F96F32C00EF06EC /* MateFeedTableViewCell.m */ = {isa = PBXFileReference; lastKnownFileType = sourcecode.c.objc; path = MateFeedTableViewCell.m; sourceTree = "<group>"; };
		CE15946E1F993FD300EF06EC /* Vet.h */ = {isa = PBXFileReference; lastKnownFileType = sourcecode.c.h; path = Vet.h; sourceTree = "<group>"; };
		CE15946F1F993FD300EF06EC /* Vet.m */ = {isa = PBXFileReference; lastKnownFileType = sourcecode.c.objc; path = Vet.m; sourceTree = "<group>"; };
		CE1594711F993FEA00EF06EC /* Store.h */ = {isa = PBXFileReference; lastKnownFileType = sourcecode.c.h; path = Store.h; sourceTree = "<group>"; };
		CE1594721F993FEA00EF06EC /* Store.m */ = {isa = PBXFileReference; lastKnownFileType = sourcecode.c.objc; path = Store.m; sourceTree = "<group>"; };
		CE1594741F9941AA00EF06EC /* Baby.h */ = {isa = PBXFileReference; lastKnownFileType = sourcecode.c.h; path = Baby.h; sourceTree = "<group>"; };
		CE1594751F9941AA00EF06EC /* Baby.m */ = {isa = PBXFileReference; lastKnownFileType = sourcecode.c.objc; path = Baby.m; sourceTree = "<group>"; };
		CE1594771F99425800EF06EC /* Litter.h */ = {isa = PBXFileReference; lastKnownFileType = sourcecode.c.h; path = Litter.h; sourceTree = "<group>"; };
		CE1594781F99425800EF06EC /* Litter.m */ = {isa = PBXFileReference; lastKnownFileType = sourcecode.c.objc; path = Litter.m; sourceTree = "<group>"; };
		CE15947A1F99441B00EF06EC /* AddPetViewController.h */ = {isa = PBXFileReference; lastKnownFileType = sourcecode.c.h; path = AddPetViewController.h; sourceTree = "<group>"; };
		CE15947B1F99441B00EF06EC /* AddPetViewController.m */ = {isa = PBXFileReference; lastKnownFileType = sourcecode.c.objc; path = AddPetViewController.m; sourceTree = "<group>"; };
		CE15947D1F994B2000EF06EC /* ProfileViewController.h */ = {isa = PBXFileReference; lastKnownFileType = sourcecode.c.h; path = ProfileViewController.h; sourceTree = "<group>"; };
		CE15947E1F994B2000EF06EC /* ProfileViewController.m */ = {isa = PBXFileReference; lastKnownFileType = sourcecode.c.objc; path = ProfileViewController.m; sourceTree = "<group>"; };
		CE1594801F99698F00EF06EC /* ProfilePetTableViewCell.h */ = {isa = PBXFileReference; lastKnownFileType = sourcecode.c.h; path = ProfilePetTableViewCell.h; sourceTree = "<group>"; };
		CE1594811F99698F00EF06EC /* ProfilePetTableViewCell.m */ = {isa = PBXFileReference; lastKnownFileType = sourcecode.c.objc; path = ProfilePetTableViewCell.m; sourceTree = "<group>"; };
		CE1595201F9D1DEF00EF06EC /* PetImagesCollectionViewLayout.h */ = {isa = PBXFileReference; lastKnownFileType = sourcecode.c.h; path = PetImagesCollectionViewLayout.h; sourceTree = "<group>"; };
		CE1595211F9D1DEF00EF06EC /* PetImagesCollectionViewLayout.m */ = {isa = PBXFileReference; lastKnownFileType = sourcecode.c.objc; path = PetImagesCollectionViewLayout.m; sourceTree = "<group>"; };
		CE1595231F9D235600EF06EC /* PetImageCollectionViewCell.h */ = {isa = PBXFileReference; lastKnownFileType = sourcecode.c.h; path = PetImageCollectionViewCell.h; sourceTree = "<group>"; };
		CE1595241F9D235600EF06EC /* PetImageCollectionViewCell.m */ = {isa = PBXFileReference; lastKnownFileType = sourcecode.c.objc; path = PetImageCollectionViewCell.m; sourceTree = "<group>"; };
		CE913AA81F95B32C00F2F097 /* Breeder.app */ = {isa = PBXFileReference; explicitFileType = wrapper.application; includeInIndex = 0; path = Breeder.app; sourceTree = BUILT_PRODUCTS_DIR; };
		CE913AAB1F95B32C00F2F097 /* AppDelegate.h */ = {isa = PBXFileReference; lastKnownFileType = sourcecode.c.h; path = AppDelegate.h; sourceTree = "<group>"; };
		CE913AAC1F95B32C00F2F097 /* AppDelegate.m */ = {isa = PBXFileReference; lastKnownFileType = sourcecode.c.objc; path = AppDelegate.m; sourceTree = "<group>"; };
		CE913AAE1F95B32C00F2F097 /* FirstViewController.h */ = {isa = PBXFileReference; lastKnownFileType = sourcecode.c.h; path = FirstViewController.h; sourceTree = "<group>"; };
		CE913AAF1F95B32C00F2F097 /* FirstViewController.m */ = {isa = PBXFileReference; lastKnownFileType = sourcecode.c.objc; path = FirstViewController.m; sourceTree = "<group>"; };
		CE913AB11F95B32C00F2F097 /* MateFeedViewController.h */ = {isa = PBXFileReference; lastKnownFileType = sourcecode.c.h; path = MateFeedViewController.h; sourceTree = "<group>"; };
		CE913AB21F95B32C00F2F097 /* MateFeedViewController.m */ = {isa = PBXFileReference; lastKnownFileType = sourcecode.c.objc; path = MateFeedViewController.m; sourceTree = "<group>"; };
		CE913AB51F95B32C00F2F097 /* Base */ = {isa = PBXFileReference; lastKnownFileType = file.storyboard; name = Base; path = Base.lproj/Main.storyboard; sourceTree = "<group>"; };
		CE913AB71F95B32C00F2F097 /* Assets.xcassets */ = {isa = PBXFileReference; lastKnownFileType = folder.assetcatalog; path = Assets.xcassets; sourceTree = "<group>"; };
		CE913ABA1F95B32C00F2F097 /* Base */ = {isa = PBXFileReference; lastKnownFileType = file.storyboard; name = Base; path = Base.lproj/LaunchScreen.storyboard; sourceTree = "<group>"; };
		CE913ABC1F95B32C00F2F097 /* Info.plist */ = {isa = PBXFileReference; lastKnownFileType = text.plist.xml; path = Info.plist; sourceTree = "<group>"; };
		CE913ABD1F95B32C00F2F097 /* main.m */ = {isa = PBXFileReference; lastKnownFileType = sourcecode.c.objc; path = main.m; sourceTree = "<group>"; };
		CE913AC31F95B32C00F2F097 /* BreederTests.xctest */ = {isa = PBXFileReference; explicitFileType = wrapper.cfbundle; includeInIndex = 0; path = BreederTests.xctest; sourceTree = BUILT_PRODUCTS_DIR; };
		CE913AC71F95B32C00F2F097 /* BreederTests.m */ = {isa = PBXFileReference; lastKnownFileType = sourcecode.c.objc; path = BreederTests.m; sourceTree = "<group>"; };
		CE913AC91F95B32C00F2F097 /* Info.plist */ = {isa = PBXFileReference; lastKnownFileType = text.plist.xml; path = Info.plist; sourceTree = "<group>"; };
		CE913ACE1F95B32D00F2F097 /* BreederUITests.xctest */ = {isa = PBXFileReference; explicitFileType = wrapper.cfbundle; includeInIndex = 0; path = BreederUITests.xctest; sourceTree = BUILT_PRODUCTS_DIR; };
		CE913AD21F95B32D00F2F097 /* BreederUITests.m */ = {isa = PBXFileReference; lastKnownFileType = sourcecode.c.objc; path = BreederUITests.m; sourceTree = "<group>"; };
		CE913AD41F95B32D00F2F097 /* Info.plist */ = {isa = PBXFileReference; lastKnownFileType = text.plist.xml; path = Info.plist; sourceTree = "<group>"; };
/* End PBXFileReference section */

/* Begin PBXFrameworksBuildPhase section */
		CE913AA51F95B32C00F2F097 /* Frameworks */ = {
			isa = PBXFrameworksBuildPhase;
			buildActionMask = 2147483647;
			files = (
			);
			runOnlyForDeploymentPostprocessing = 0;
		};
		CE913AC01F95B32C00F2F097 /* Frameworks */ = {
			isa = PBXFrameworksBuildPhase;
			buildActionMask = 2147483647;
			files = (
			);
			runOnlyForDeploymentPostprocessing = 0;
		};
		CE913ACB1F95B32D00F2F097 /* Frameworks */ = {
			isa = PBXFrameworksBuildPhase;
			buildActionMask = 2147483647;
			files = (
			);
			runOnlyForDeploymentPostprocessing = 0;
		};
/* End PBXFrameworksBuildPhase section */

/* Begin PBXGroup section */
		CE913A9F1F95B32C00F2F097 = {
			isa = PBXGroup;
			children = (
				CE913AAA1F95B32C00F2F097 /* Breeder */,
				CE913AC61F95B32C00F2F097 /* BreederTests */,
				CE913AD11F95B32D00F2F097 /* BreederUITests */,
				CE913AA91F95B32C00F2F097 /* Products */,
			);
			sourceTree = "<group>";
		};
		CE913AA91F95B32C00F2F097 /* Products */ = {
			isa = PBXGroup;
			children = (
				CE913AA81F95B32C00F2F097 /* Breeder.app */,
				CE913AC31F95B32C00F2F097 /* BreederTests.xctest */,
				CE913ACE1F95B32D00F2F097 /* BreederUITests.xctest */,
			);
			name = Products;
			sourceTree = "<group>";
		};
		CE913AAA1F95B32C00F2F097 /* Breeder */ = {
			isa = PBXGroup;
			children = (
				CE913AAB1F95B32C00F2F097 /* AppDelegate.h */,
				CE913AAC1F95B32C00F2F097 /* AppDelegate.m */,
				CE15947D1F994B2000EF06EC /* ProfileViewController.h */,
				CE15947E1F994B2000EF06EC /* ProfileViewController.m */,
				CE15947A1F99441B00EF06EC /* AddPetViewController.h */,
				CE15947B1F99441B00EF06EC /* AddPetViewController.m */,
				CE1595231F9D235600EF06EC /* PetImageCollectionViewCell.h */,
				CE1595241F9D235600EF06EC /* PetImageCollectionViewCell.m */,
				CE1595201F9D1DEF00EF06EC /* PetImagesCollectionViewLayout.h */,
				CE1595211F9D1DEF00EF06EC /* PetImagesCollectionViewLayout.m */,
				CE913AB11F95B32C00F2F097 /* MateFeedViewController.h */,
				CE913AB21F95B32C00F2F097 /* MateFeedViewController.m */,
				CE1593E31F96F32C00EF06EC /* MateFeedTableViewCell.h */,
				CE1593E41F96F32C00EF06EC /* MateFeedTableViewCell.m */,
				CE913AB41F95B32C00F2F097 /* Main.storyboard */,
				CE1594741F9941AA00EF06EC /* Baby.h */,
				CE1594751F9941AA00EF06EC /* Baby.m */,
				CE1594771F99425800EF06EC /* Litter.h */,
				CE1594801F99698F00EF06EC /* ProfilePetTableViewCell.h */,
				CE1594811F99698F00EF06EC /* ProfilePetTableViewCell.m */,
				CE1594781F99425800EF06EC /* Litter.m */,
				CE1593DD1F96EF6B00EF06EC /* Pet.h */,
				CE1593DE1F96EF6B00EF06EC /* Pet.m */,
				CE15946E1F993FD300EF06EC /* Vet.h */,
				CE15946F1F993FD300EF06EC /* Vet.m */,
				CE1594711F993FEA00EF06EC /* Store.h */,
				CE1594721F993FEA00EF06EC /* Store.m */,
				CE1593E01F96EFE700EF06EC /* Person.h */,
				CE1593E11F96EFE700EF06EC /* Person.m */,
				CE913AAE1F95B32C00F2F097 /* FirstViewController.h */,
				CE913AAF1F95B32C00F2F097 /* FirstViewController.m */,
				CE913AB71F95B32C00F2F097 /* Assets.xcassets */,
				CE913AB91F95B32C00F2F097 /* LaunchScreen.storyboard */,
				CE913ABC1F95B32C00F2F097 /* Info.plist */,
				CE913ABD1F95B32C00F2F097 /* main.m */,
			);
			path = Breeder;
			sourceTree = "<group>";
		};
		CE913AC61F95B32C00F2F097 /* BreederTests */ = {
			isa = PBXGroup;
			children = (
				CE913AC71F95B32C00F2F097 /* BreederTests.m */,
				CE913AC91F95B32C00F2F097 /* Info.plist */,
			);
			path = BreederTests;
			sourceTree = "<group>";
		};
		CE913AD11F95B32D00F2F097 /* BreederUITests */ = {
			isa = PBXGroup;
			children = (
				CE913AD21F95B32D00F2F097 /* BreederUITests.m */,
				CE913AD41F95B32D00F2F097 /* Info.plist */,
			);
			path = BreederUITests;
			sourceTree = "<group>";
		};
/* End PBXGroup section */

/* Begin PBXNativeTarget section */
		CE913AA71F95B32C00F2F097 /* Breeder */ = {
			isa = PBXNativeTarget;
			buildConfigurationList = CE913AD71F95B32D00F2F097 /* Build configuration list for PBXNativeTarget "Breeder" */;
			buildPhases = (
				CE913AA41F95B32C00F2F097 /* Sources */,
				CE913AA51F95B32C00F2F097 /* Frameworks */,
				CE913AA61F95B32C00F2F097 /* Resources */,
			);
			buildRules = (
			);
			dependencies = (
			);
			name = Breeder;
			productName = Breeder;
			productReference = CE913AA81F95B32C00F2F097 /* Breeder.app */;
			productType = "com.apple.product-type.application";
		};
		CE913AC21F95B32C00F2F097 /* BreederTests */ = {
			isa = PBXNativeTarget;
			buildConfigurationList = CE913ADA1F95B32D00F2F097 /* Build configuration list for PBXNativeTarget "BreederTests" */;
			buildPhases = (
				CE913ABF1F95B32C00F2F097 /* Sources */,
				CE913AC01F95B32C00F2F097 /* Frameworks */,
				CE913AC11F95B32C00F2F097 /* Resources */,
			);
			buildRules = (
			);
			dependencies = (
				CE913AC51F95B32C00F2F097 /* PBXTargetDependency */,
			);
			name = BreederTests;
			productName = BreederTests;
			productReference = CE913AC31F95B32C00F2F097 /* BreederTests.xctest */;
			productType = "com.apple.product-type.bundle.unit-test";
		};
		CE913ACD1F95B32D00F2F097 /* BreederUITests */ = {
			isa = PBXNativeTarget;
			buildConfigurationList = CE913ADD1F95B32D00F2F097 /* Build configuration list for PBXNativeTarget "BreederUITests" */;
			buildPhases = (
				CE913ACA1F95B32D00F2F097 /* Sources */,
				CE913ACB1F95B32D00F2F097 /* Frameworks */,
				CE913ACC1F95B32D00F2F097 /* Resources */,
			);
			buildRules = (
			);
			dependencies = (
				CE913AD01F95B32D00F2F097 /* PBXTargetDependency */,
			);
			name = BreederUITests;
			productName = BreederUITests;
			productReference = CE913ACE1F95B32D00F2F097 /* BreederUITests.xctest */;
			productType = "com.apple.product-type.bundle.ui-testing";
		};
/* End PBXNativeTarget section */

/* Begin PBXProject section */
		CE913AA01F95B32C00F2F097 /* Project object */ = {
			isa = PBXProject;
			attributes = {
				LastUpgradeCheck = 0900;
				ORGANIZATIONNAME = "Sanjay Shah";
				TargetAttributes = {
					CE913AA71F95B32C00F2F097 = {
						CreatedOnToolsVersion = 9.0;
						ProvisioningStyle = Automatic;
					};
					CE913AC21F95B32C00F2F097 = {
						CreatedOnToolsVersion = 9.0;
						ProvisioningStyle = Automatic;
						TestTargetID = CE913AA71F95B32C00F2F097;
					};
					CE913ACD1F95B32D00F2F097 = {
						CreatedOnToolsVersion = 9.0;
						ProvisioningStyle = Automatic;
						TestTargetID = CE913AA71F95B32C00F2F097;
					};
				};
			};
			buildConfigurationList = CE913AA31F95B32C00F2F097 /* Build configuration list for PBXProject "Breeder" */;
			compatibilityVersion = "Xcode 8.0";
			developmentRegion = en;
			hasScannedForEncodings = 0;
			knownRegions = (
				en,
				Base,
			);
			mainGroup = CE913A9F1F95B32C00F2F097;
			productRefGroup = CE913AA91F95B32C00F2F097 /* Products */;
			projectDirPath = "";
			projectRoot = "";
			targets = (
				CE913AA71F95B32C00F2F097 /* Breeder */,
				CE913AC21F95B32C00F2F097 /* BreederTests */,
				CE913ACD1F95B32D00F2F097 /* BreederUITests */,
			);
		};
/* End PBXProject section */

/* Begin PBXResourcesBuildPhase section */
		CE913AA61F95B32C00F2F097 /* Resources */ = {
			isa = PBXResourcesBuildPhase;
			buildActionMask = 2147483647;
			files = (
				CE913ABB1F95B32C00F2F097 /* LaunchScreen.storyboard in Resources */,
				CE913AB81F95B32C00F2F097 /* Assets.xcassets in Resources */,
				CE913AB61F95B32C00F2F097 /* Main.storyboard in Resources */,
			);
			runOnlyForDeploymentPostprocessing = 0;
		};
		CE913AC11F95B32C00F2F097 /* Resources */ = {
			isa = PBXResourcesBuildPhase;
			buildActionMask = 2147483647;
			files = (
			);
			runOnlyForDeploymentPostprocessing = 0;
		};
		CE913ACC1F95B32D00F2F097 /* Resources */ = {
			isa = PBXResourcesBuildPhase;
			buildActionMask = 2147483647;
			files = (
			);
			runOnlyForDeploymentPostprocessing = 0;
		};
/* End PBXResourcesBuildPhase section */

/* Begin PBXSourcesBuildPhase section */
		CE913AA41F95B32C00F2F097 /* Sources */ = {
			isa = PBXSourcesBuildPhase;
			buildActionMask = 2147483647;
			files = (
				CE1593E21F96EFE700EF06EC /* Person.m in Sources */,
				CE1593E51F96F32C00EF06EC /* MateFeedTableViewCell.m in Sources */,
				CE913AB31F95B32C00F2F097 /* MateFeedViewController.m in Sources */,
				CE1594821F99698F00EF06EC /* ProfilePetTableViewCell.m in Sources */,
				CE1594791F99425800EF06EC /* Litter.m in Sources */,
				CE913AAD1F95B32C00F2F097 /* AppDelegate.m in Sources */,
				CE913ABE1F95B32C00F2F097 /* main.m in Sources */,
				CE1595221F9D1DEF00EF06EC /* PetImagesCollectionViewLayout.m in Sources */,
				CE1594761F9941AA00EF06EC /* Baby.m in Sources */,
				CE913AB01F95B32C00F2F097 /* FirstViewController.m in Sources */,
				CE1595251F9D235600EF06EC /* PetImageCollectionViewCell.m in Sources */,
				CE1594731F993FEA00EF06EC /* Store.m in Sources */,
				CE15947F1F994B2000EF06EC /* ProfileViewController.m in Sources */,
				CE1593DF1F96EF6B00EF06EC /* Pet.m in Sources */,
				CE15947C1F99441B00EF06EC /* AddPetViewController.m in Sources */,
				CE1594701F993FD300EF06EC /* Vet.m in Sources */,
			);
			runOnlyForDeploymentPostprocessing = 0;
		};
		CE913ABF1F95B32C00F2F097 /* Sources */ = {
			isa = PBXSourcesBuildPhase;
			buildActionMask = 2147483647;
			files = (
				CE913AC81F95B32C00F2F097 /* BreederTests.m in Sources */,
			);
			runOnlyForDeploymentPostprocessing = 0;
		};
		CE913ACA1F95B32D00F2F097 /* Sources */ = {
			isa = PBXSourcesBuildPhase;
			buildActionMask = 2147483647;
			files = (
				CE913AD31F95B32D00F2F097 /* BreederUITests.m in Sources */,
			);
			runOnlyForDeploymentPostprocessing = 0;
		};
/* End PBXSourcesBuildPhase section */

/* Begin PBXTargetDependency section */
		CE913AC51F95B32C00F2F097 /* PBXTargetDependency */ = {
			isa = PBXTargetDependency;
			target = CE913AA71F95B32C00F2F097 /* Breeder */;
			targetProxy = CE913AC41F95B32C00F2F097 /* PBXContainerItemProxy */;
		};
		CE913AD01F95B32D00F2F097 /* PBXTargetDependency */ = {
			isa = PBXTargetDependency;
			target = CE913AA71F95B32C00F2F097 /* Breeder */;
			targetProxy = CE913ACF1F95B32D00F2F097 /* PBXContainerItemProxy */;
		};
/* End PBXTargetDependency section */

/* Begin PBXVariantGroup section */
		CE913AB41F95B32C00F2F097 /* Main.storyboard */ = {
			isa = PBXVariantGroup;
			children = (
				CE913AB51F95B32C00F2F097 /* Base */,
			);
			name = Main.storyboard;
			sourceTree = "<group>";
		};
		CE913AB91F95B32C00F2F097 /* LaunchScreen.storyboard */ = {
			isa = PBXVariantGroup;
			children = (
				CE913ABA1F95B32C00F2F097 /* Base */,
			);
			name = LaunchScreen.storyboard;
			sourceTree = "<group>";
		};
/* End PBXVariantGroup section */

/* Begin XCBuildConfiguration section */
		CE913AD51F95B32D00F2F097 /* Debug */ = {
			isa = XCBuildConfiguration;
			buildSettings = {
				ALWAYS_SEARCH_USER_PATHS = NO;
				CLANG_ANALYZER_NONNULL = YES;
				CLANG_ANALYZER_NUMBER_OBJECT_CONVERSION = YES_AGGRESSIVE;
				CLANG_CXX_LANGUAGE_STANDARD = "gnu++14";
				CLANG_CXX_LIBRARY = "libc++";
				CLANG_ENABLE_MODULES = YES;
				CLANG_ENABLE_OBJC_ARC = YES;
				CLANG_WARN_BLOCK_CAPTURE_AUTORELEASING = YES;
				CLANG_WARN_BOOL_CONVERSION = YES;
				CLANG_WARN_COMMA = YES;
				CLANG_WARN_CONSTANT_CONVERSION = YES;
				CLANG_WARN_DIRECT_OBJC_ISA_USAGE = YES_ERROR;
				CLANG_WARN_DOCUMENTATION_COMMENTS = YES;
				CLANG_WARN_EMPTY_BODY = YES;
				CLANG_WARN_ENUM_CONVERSION = YES;
				CLANG_WARN_INFINITE_RECURSION = YES;
				CLANG_WARN_INT_CONVERSION = YES;
				CLANG_WARN_NON_LITERAL_NULL_CONVERSION = YES;
				CLANG_WARN_OBJC_LITERAL_CONVERSION = YES;
				CLANG_WARN_OBJC_ROOT_CLASS = YES_ERROR;
				CLANG_WARN_RANGE_LOOP_ANALYSIS = YES;
				CLANG_WARN_STRICT_PROTOTYPES = YES;
				CLANG_WARN_SUSPICIOUS_MOVE = YES;
				CLANG_WARN_UNGUARDED_AVAILABILITY = YES_AGGRESSIVE;
				CLANG_WARN_UNREACHABLE_CODE = YES;
				CLANG_WARN__DUPLICATE_METHOD_MATCH = YES;
				CODE_SIGN_IDENTITY = "iPhone Developer";
				COPY_PHASE_STRIP = NO;
				DEBUG_INFORMATION_FORMAT = dwarf;
				ENABLE_STRICT_OBJC_MSGSEND = YES;
				ENABLE_TESTABILITY = YES;
				GCC_C_LANGUAGE_STANDARD = gnu11;
				GCC_DYNAMIC_NO_PIC = NO;
				GCC_NO_COMMON_BLOCKS = YES;
				GCC_OPTIMIZATION_LEVEL = 0;
				GCC_PREPROCESSOR_DEFINITIONS = (
					"DEBUG=1",
					"$(inherited)",
				);
				GCC_WARN_64_TO_32_BIT_CONVERSION = YES;
				GCC_WARN_ABOUT_RETURN_TYPE = YES_ERROR;
				GCC_WARN_UNDECLARED_SELECTOR = YES;
				GCC_WARN_UNINITIALIZED_AUTOS = YES_AGGRESSIVE;
				GCC_WARN_UNUSED_FUNCTION = YES;
				GCC_WARN_UNUSED_VARIABLE = YES;
				IPHONEOS_DEPLOYMENT_TARGET = 11.0;
				MTL_ENABLE_DEBUG_INFO = YES;
				ONLY_ACTIVE_ARCH = YES;
				SDKROOT = iphoneos;
			};
			name = Debug;
		};
		CE913AD61F95B32D00F2F097 /* Release */ = {
			isa = XCBuildConfiguration;
			buildSettings = {
				ALWAYS_SEARCH_USER_PATHS = NO;
				CLANG_ANALYZER_NONNULL = YES;
				CLANG_ANALYZER_NUMBER_OBJECT_CONVERSION = YES_AGGRESSIVE;
				CLANG_CXX_LANGUAGE_STANDARD = "gnu++14";
				CLANG_CXX_LIBRARY = "libc++";
				CLANG_ENABLE_MODULES = YES;
				CLANG_ENABLE_OBJC_ARC = YES;
				CLANG_WARN_BLOCK_CAPTURE_AUTORELEASING = YES;
				CLANG_WARN_BOOL_CONVERSION = YES;
				CLANG_WARN_COMMA = YES;
				CLANG_WARN_CONSTANT_CONVERSION = YES;
				CLANG_WARN_DIRECT_OBJC_ISA_USAGE = YES_ERROR;
				CLANG_WARN_DOCUMENTATION_COMMENTS = YES;
				CLANG_WARN_EMPTY_BODY = YES;
				CLANG_WARN_ENUM_CONVERSION = YES;
				CLANG_WARN_INFINITE_RECURSION = YES;
				CLANG_WARN_INT_CONVERSION = YES;
				CLANG_WARN_NON_LITERAL_NULL_CONVERSION = YES;
				CLANG_WARN_OBJC_LITERAL_CONVERSION = YES;
				CLANG_WARN_OBJC_ROOT_CLASS = YES_ERROR;
				CLANG_WARN_RANGE_LOOP_ANALYSIS = YES;
				CLANG_WARN_STRICT_PROTOTYPES = YES;
				CLANG_WARN_SUSPICIOUS_MOVE = YES;
				CLANG_WARN_UNGUARDED_AVAILABILITY = YES_AGGRESSIVE;
				CLANG_WARN_UNREACHABLE_CODE = YES;
				CLANG_WARN__DUPLICATE_METHOD_MATCH = YES;
				CODE_SIGN_IDENTITY = "iPhone Developer";
				COPY_PHASE_STRIP = NO;
				DEBUG_INFORMATION_FORMAT = "dwarf-with-dsym";
				ENABLE_NS_ASSERTIONS = NO;
				ENABLE_STRICT_OBJC_MSGSEND = YES;
				GCC_C_LANGUAGE_STANDARD = gnu11;
				GCC_NO_COMMON_BLOCKS = YES;
				GCC_WARN_64_TO_32_BIT_CONVERSION = YES;
				GCC_WARN_ABOUT_RETURN_TYPE = YES_ERROR;
				GCC_WARN_UNDECLARED_SELECTOR = YES;
				GCC_WARN_UNINITIALIZED_AUTOS = YES_AGGRESSIVE;
				GCC_WARN_UNUSED_FUNCTION = YES;
				GCC_WARN_UNUSED_VARIABLE = YES;
				IPHONEOS_DEPLOYMENT_TARGET = 11.0;
				MTL_ENABLE_DEBUG_INFO = NO;
				SDKROOT = iphoneos;
				VALIDATE_PRODUCT = YES;
			};
			name = Release;
		};
		CE913AD81F95B32D00F2F097 /* Debug */ = {
			isa = XCBuildConfiguration;
			buildSettings = {
				ASSETCATALOG_COMPILER_APPICON_NAME = AppIcon;
				CODE_SIGN_STYLE = Automatic;
				DEVELOPMENT_TEAM = L4XYQHCH99;
				INFOPLIST_FILE = Breeder/Info.plist;
				LD_RUNPATH_SEARCH_PATHS = "$(inherited) @executable_path/Frameworks";
				PRODUCT_BUNDLE_IDENTIFIER = com.sanjayshah.Breeder;
				PRODUCT_NAME = "$(TARGET_NAME)";
				TARGETED_DEVICE_FAMILY = "1,2";
			};
			name = Debug;
		};
		CE913AD91F95B32D00F2F097 /* Release */ = {
			isa = XCBuildConfiguration;
			buildSettings = {
				ASSETCATALOG_COMPILER_APPICON_NAME = AppIcon;
				CODE_SIGN_STYLE = Automatic;
				DEVELOPMENT_TEAM = L4XYQHCH99;
				INFOPLIST_FILE = Breeder/Info.plist;
				LD_RUNPATH_SEARCH_PATHS = "$(inherited) @executable_path/Frameworks";
				PRODUCT_BUNDLE_IDENTIFIER = com.sanjayshah.Breeder;
				PRODUCT_NAME = "$(TARGET_NAME)";
				TARGETED_DEVICE_FAMILY = "1,2";
			};
			name = Release;
		};
		CE913ADB1F95B32D00F2F097 /* Debug */ = {
			isa = XCBuildConfiguration;
			buildSettings = {
				BUNDLE_LOADER = "$(TEST_HOST)";
				CODE_SIGN_STYLE = Automatic;
				DEVELOPMENT_TEAM = L4XYQHCH99;
				INFOPLIST_FILE = BreederTests/Info.plist;
				LD_RUNPATH_SEARCH_PATHS = "$(inherited) @executable_path/Frameworks @loader_path/Frameworks";
				PRODUCT_BUNDLE_IDENTIFIER = com.sanjayshah.BreederTests;
				PRODUCT_NAME = "$(TARGET_NAME)";
				TARGETED_DEVICE_FAMILY = "1,2";
				TEST_HOST = "$(BUILT_PRODUCTS_DIR)/Breeder.app/Breeder";
			};
			name = Debug;
		};
		CE913ADC1F95B32D00F2F097 /* Release */ = {
			isa = XCBuildConfiguration;
			buildSettings = {
				BUNDLE_LOADER = "$(TEST_HOST)";
				CODE_SIGN_STYLE = Automatic;
				DEVELOPMENT_TEAM = L4XYQHCH99;
				INFOPLIST_FILE = BreederTests/Info.plist;
				LD_RUNPATH_SEARCH_PATHS = "$(inherited) @executable_path/Frameworks @loader_path/Frameworks";
				PRODUCT_BUNDLE_IDENTIFIER = com.sanjayshah.BreederTests;
				PRODUCT_NAME = "$(TARGET_NAME)";
				TARGETED_DEVICE_FAMILY = "1,2";
				TEST_HOST = "$(BUILT_PRODUCTS_DIR)/Breeder.app/Breeder";
			};
			name = Release;
		};
		CE913ADE1F95B32D00F2F097 /* Debug */ = {
			isa = XCBuildConfiguration;
			buildSettings = {
				CODE_SIGN_STYLE = Automatic;
				DEVELOPMENT_TEAM = L4XYQHCH99;
				INFOPLIST_FILE = BreederUITests/Info.plist;
				LD_RUNPATH_SEARCH_PATHS = "$(inherited) @executable_path/Frameworks @loader_path/Frameworks";
				PRODUCT_BUNDLE_IDENTIFIER = com.sanjayshah.BreederUITests;
				PRODUCT_NAME = "$(TARGET_NAME)";
				TARGETED_DEVICE_FAMILY = "1,2";
				TEST_TARGET_NAME = Breeder;
			};
			name = Debug;
		};
		CE913ADF1F95B32D00F2F097 /* Release */ = {
			isa = XCBuildConfiguration;
			buildSettings = {
				CODE_SIGN_STYLE = Automatic;
				DEVELOPMENT_TEAM = L4XYQHCH99;
				INFOPLIST_FILE = BreederUITests/Info.plist;
				LD_RUNPATH_SEARCH_PATHS = "$(inherited) @executable_path/Frameworks @loader_path/Frameworks";
				PRODUCT_BUNDLE_IDENTIFIER = com.sanjayshah.BreederUITests;
				PRODUCT_NAME = "$(TARGET_NAME)";
				TARGETED_DEVICE_FAMILY = "1,2";
				TEST_TARGET_NAME = Breeder;
			};
			name = Release;
		};
/* End XCBuildConfiguration section */

/* Begin XCConfigurationList section */
		CE913AA31F95B32C00F2F097 /* Build configuration list for PBXProject "Breeder" */ = {
			isa = XCConfigurationList;
			buildConfigurations = (
				CE913AD51F95B32D00F2F097 /* Debug */,
				CE913AD61F95B32D00F2F097 /* Release */,
			);
			defaultConfigurationIsVisible = 0;
			defaultConfigurationName = Release;
		};
		CE913AD71F95B32D00F2F097 /* Build configuration list for PBXNativeTarget "Breeder" */ = {
			isa = XCConfigurationList;
			buildConfigurations = (
				CE913AD81F95B32D00F2F097 /* Debug */,
				CE913AD91F95B32D00F2F097 /* Release */,
			);
			defaultConfigurationIsVisible = 0;
			defaultConfigurationName = Release;
		};
		CE913ADA1F95B32D00F2F097 /* Build configuration list for PBXNativeTarget "BreederTests" */ = {
			isa = XCConfigurationList;
			buildConfigurations = (
				CE913ADB1F95B32D00F2F097 /* Debug */,
				CE913ADC1F95B32D00F2F097 /* Release */,
			);
			defaultConfigurationIsVisible = 0;
			defaultConfigurationName = Release;
		};
		CE913ADD1F95B32D00F2F097 /* Build configuration list for PBXNativeTarget "BreederUITests" */ = {
			isa = XCConfigurationList;
			buildConfigurations = (
				CE913ADE1F95B32D00F2F097 /* Debug */,
				CE913ADF1F95B32D00F2F097 /* Release */,
			);
			defaultConfigurationIsVisible = 0;
			defaultConfigurationName = Release;
		};
/* End XCConfigurationList section */
	};
	rootObject = CE913AA01F95B32C00F2F097 /* Project object */;
}
